
Microsoft Visual Studio Solution File, Format Version 12.00
# Visual Studio Version 17
VisualStudioVersion = 17.4.33213.308
MinimumVisualStudioVersion = 10.0.40219.1
Project("{FAE04EC0-301F-11D3-BF4B-00C04F79EFBC}") = "WindowsMediaPlayer", "WindowsMediaPlayer\WindowsMediaPlayer.csproj", "{8F654F5D-0661-4083-9843-6EF12F1BAF84}"
EndProject
Global
	GlobalSection(SolutionConfigurationPlatforms) = preSolution
		Debug|Any CPU = Debug|Any CPU
		Release|Any CPU = Release|Any CPU
	EndGlobalSection
	GlobalSection(ProjectConfigurationPlatforms) = postSolution
		{8F654F5D-0661-4083-9843-6EF12F1BAF84}.Debug|Any CPU.ActiveCfg = Debug|Any CPU
		{8F654F5D-0661-4083-9843-6EF12F1BAF84}.Debug|Any CPU.Build.0 = Debug|Any CPU
		{8F654F5D-0661-4083-9843-6EF12F1BAF84}.Release|Any CPU.ActiveCfg = Release|Any CPU
		{8F654F5D-0661-4083-9843-6EF12F1BAF84}.Release|Any CPU.Build.0 = Release|Any CPU
	EndGlobalSection
	GlobalSection(SolutionProperties) = preSolution
		HideSolutionNode = FALSE
	EndGlobalSection
	GlobalSection(ExtensibilityGlobals) = postSolution
		SolutionGuid = {D6A18BDD-774F-4A04-989B-2AD5D45D67BB}
	EndGlobalSection
EndGlobal
